
Microsoft Visual Studio Solution File, Format Version 12.00
# Visual Studio Version 17
VisualStudioVersion = 17.5.002.0
MinimumVisualStudioVersion = 10.0.40219.1
Project("{2150E333-8FDC-42A3-9474-1A3956D46DE8}") = "csharp-prep", "csharp-prep", "{3DDC9B86-A21C-4349-A23E-0B57AF0561E0}"
EndProject
Project("{9A19103F-16F7-4668-BE54-9A1E7A4F7556}") = "Prep1", "csharp-prep\Prep1\Prep1.csproj", "{28CC3AF7-55BA-4DAD-81F1-1650AA2F83D6}"
EndProject
Project("{9A19103F-16F7-4668-BE54-9A1E7A4F7556}") = "Prep2", "csharp-prep\Prep2\Prep2.csproj", "{10057890-EAFF-4F6B-8573-72D2DDD27126}"
EndProject
Project("{9A19103F-16F7-4668-BE54-9A1E7A4F7556}") = "Prep3", "csharp-prep\Prep3\Prep3.csproj", "{B4245B18-C216-4229-9867-95A8DBEED2DE}"
EndProject
Project("{9A19103F-16F7-4668-BE54-9A1E7A4F7556}") = "Prep4", "csharp-prep\Prep4\Prep4.csproj", "{08CDC03D-ABDE-40CD-AF81-7159B2F6F7E2}"
EndProject
Project("{9A19103F-16F7-4668-BE54-9A1E7A4F7556}") = "Prep5", "csharp-prep\Prep5\Prep5.csproj", "{8D4B3FF5-6021-4573-8C88-BE6B961C0B7C}"
EndProject
Project("{2150E333-8FDC-42A3-9474-1A3956D46DE8}") = "final", "final", "{CE6D5A3A-DAC6-4EB1-80AE-D00B04A57305}"
EndProject
Project("{9A19103F-16F7-4668-BE54-9A1E7A4F7556}") = "FinalProject", "final\FinalProject\FinalProject.csproj", "{83403E3E-6CB8-4C90-A532-15449DACC160}"
EndProject
Project("{9A19103F-16F7-4668-BE54-9A1E7A4F7556}") = "Foundation1", "final\Foundation1\Foundation1.csproj", "{A5FC55D7-55AE-4199-B658-416ADD57BFD0}"
EndProject
Project("{9A19103F-16F7-4668-BE54-9A1E7A4F7556}") = "Foundation2", "final\Foundation2\Foundation2.csproj", "{7D746D57-311A-406D-921D-E17F41FF08D6}"
EndProject
Project("{9A19103F-16F7-4668-BE54-9A1E7A4F7556}") = "Foundation3", "final\Foundation3\Foundation3.csproj", "{6D044CE7-DEEA-4E44-9C19-9011F508D9A4}"
EndProject
Project("{9A19103F-16F7-4668-BE54-9A1E7A4F7556}") = "Foundation4", "final\Foundation4\Foundation4.csproj", "{B242601C-BBDF-41C8-B1A6-F9D173B8E2D2}"
EndProject
Project("{2150E333-8FDC-42A3-9474-1A3956D46DE8}") = "prepare", "prepare", "{555910E1-9779-4264-9E8E-7BFBA5DFFF96}"
EndProject
Project("{9A19103F-16F7-4668-BE54-9A1E7A4F7556}") = "Learning02", "prepare\Learning02\Learning02.csproj", "{F34F2F2C-C917-4842-88F7-78B19573F1F7}"
EndProject
Project("{9A19103F-16F7-4668-BE54-9A1E7A4F7556}") = "Learning03", "prepare\Learning03\Learning03.csproj", "{CD411E6E-CB00-43B5-A9B7-7D82E719989B}"
EndProject
Project("{9A19103F-16F7-4668-BE54-9A1E7A4F7556}") = "Learning04", "prepare\Learning04\Learning04.csproj", "{E32C064C-427F-4AE0-81CC-4ECDFC47468F}"
EndProject
Project("{9A19103F-16F7-4668-BE54-9A1E7A4F7556}") = "Learning05", "prepare\Learning05\Learning05.csproj", "{916F87D9-4280-435D-B138-C5DB2B95AC20}"
EndProject
Project("{2150E333-8FDC-42A3-9474-1A3956D46DE8}") = "prove", "prove", "{87897FAF-BB22-48FD-B659-B002F93CCC72}"
EndProject
Project("{9A19103F-16F7-4668-BE54-9A1E7A4F7556}") = "Develop02", "prove\Develop02\Develop02.csproj", "{CC554B27-11CB-4AB7-9BFA-B0A4D1E7F82B}"
EndProject
Project("{9A19103F-16F7-4668-BE54-9A1E7A4F7556}") = "Develop03", "prove\Develop03\Develop03.csproj", "{3807ED1E-4546-427A-99F3-A9DE3A5EA7E4}"
EndProject
Project("{9A19103F-16F7-4668-BE54-9A1E7A4F7556}") = "Develop04", "prove\Develop04\Develop04.csproj", "{36AC1602-563A-46AF-80F1-00DF41C8FAAE}"
EndProject
Project("{9A19103F-16F7-4668-BE54-9A1E7A4F7556}") = "Develop05", "prove\Develop05\Develop05.csproj", "{9D249813-3BE8-4052-B2D3-A689435883AF}"
EndProject
Project("{2150E333-8FDC-42A3-9474-1A3956D46DE8}") = "sandbox", "sandbox", "{22D277C4-0621-4489-8526-AF75C26149EF}"
EndProject
Project("{9A19103F-16F7-4668-BE54-9A1E7A4F7556}") = "Sandbox", "sandbox\Sandbox\Sandbox.csproj", "{086944DF-ABD9-422E-9D85-26D93EF5239C}"
EndProject
Global
	GlobalSection(SolutionConfigurationPlatforms) = preSolution
		Debug|Any CPU = Debug|Any CPU
		Release|Any CPU = Release|Any CPU
	EndGlobalSection
	GlobalSection(ProjectConfigurationPlatforms) = postSolution
		{28CC3AF7-55BA-4DAD-81F1-1650AA2F83D6}.Debug|Any CPU.ActiveCfg = Debug|Any CPU
		{28CC3AF7-55BA-4DAD-81F1-1650AA2F83D6}.Debug|Any CPU.Build.0 = Debug|Any CPU
		{28CC3AF7-55BA-4DAD-81F1-1650AA2F83D6}.Release|Any CPU.ActiveCfg = Release|Any CPU
		{28CC3AF7-55BA-4DAD-81F1-1650AA2F83D6}.Release|Any CPU.Build.0 = Release|Any CPU
		{10057890-EAFF-4F6B-8573-72D2DDD27126}.Debug|Any CPU.ActiveCfg = Debug|Any CPU
		{10057890-EAFF-4F6B-8573-72D2DDD27126}.Debug|Any CPU.Build.0 = Debug|Any CPU
		{10057890-EAFF-4F6B-8573-72D2DDD27126}.Release|Any CPU.ActiveCfg = Release|Any CPU
		{10057890-EAFF-4F6B-8573-72D2DDD27126}.Release|Any CPU.Build.0 = Release|Any CPU
		{B4245B18-C216-4229-9867-95A8DBEED2DE}.Debug|Any CPU.ActiveCfg = Debug|Any CPU
		{B4245B18-C216-4229-9867-95A8DBEED2DE}.Debug|Any CPU.Build.0 = Debug|Any CPU
		{B4245B18-C216-4229-9867-95A8DBEED2DE}.Release|Any CPU.ActiveCfg = Release|Any CPU
		{B4245B18-C216-4229-9867-95A8DBEED2DE}.Release|Any CPU.Build.0 = Release|Any CPU
		{08CDC03D-ABDE-40CD-AF81-7159B2F6F7E2}.Debug|Any CPU.ActiveCfg = Debug|Any CPU
		{08CDC03D-ABDE-40CD-AF81-7159B2F6F7E2}.Debug|Any CPU.Build.0 = Debug|Any CPU
		{08CDC03D-ABDE-40CD-AF81-7159B2F6F7E2}.Release|Any CPU.ActiveCfg = Release|Any CPU
		{08CDC03D-ABDE-40CD-AF81-7159B2F6F7E2}.Release|Any CPU.Build.0 = Release|Any CPU
		{8D4B3FF5-6021-4573-8C88-BE6B961C0B7C}.Debug|Any CPU.ActiveCfg = Debug|Any CPU
		{8D4B3FF5-6021-4573-8C88-BE6B961C0B7C}.Debug|Any CPU.Build.0 = Debug|Any CPU
		{8D4B3FF5-6021-4573-8C88-BE6B961C0B7C}.Release|Any CPU.ActiveCfg = Release|Any CPU
		{8D4B3FF5-6021-4573-8C88-BE6B961C0B7C}.Release|Any CPU.Build.0 = Release|Any CPU
		{83403E3E-6CB8-4C90-A532-15449DACC160}.Debug|Any CPU.ActiveCfg = Debug|Any CPU
		{83403E3E-6CB8-4C90-A532-15449DACC160}.Debug|Any CPU.Build.0 = Debug|Any CPU
		{83403E3E-6CB8-4C90-A532-15449DACC160}.Release|Any CPU.ActiveCfg = Release|Any CPU
		{83403E3E-6CB8-4C90-A532-15449DACC160}.Release|Any CPU.Build.0 = Release|Any CPU
		{A5FC55D7-55AE-4199-B658-416ADD57BFD0}.Debug|Any CPU.ActiveCfg = Debug|Any CPU
		{A5FC55D7-55AE-4199-B658-416ADD57BFD0}.Debug|Any CPU.Build.0 = Debug|Any CPU
		{A5FC55D7-55AE-4199-B658-416ADD57BFD0}.Release|Any CPU.ActiveCfg = Release|Any CPU
		{A5FC55D7-55AE-4199-B658-416ADD57BFD0}.Release|Any CPU.Build.0 = Release|Any CPU
		{7D746D57-311A-406D-921D-E17F41FF08D6}.Debug|Any CPU.ActiveCfg = Debug|Any CPU
		{7D746D57-311A-406D-921D-E17F41FF08D6}.Debug|Any CPU.Build.0 = Debug|Any CPU
		{7D746D57-311A-406D-921D-E17F41FF08D6}.Release|Any CPU.ActiveCfg = Release|Any CPU
		{7D746D57-311A-406D-921D-E17F41FF08D6}.Release|Any CPU.Build.0 = Release|Any CPU
		{6D044CE7-DEEA-4E44-9C19-9011F508D9A4}.Debug|Any CPU.ActiveCfg = Debug|Any CPU
		{6D044CE7-DEEA-4E44-9C19-9011F508D9A4}.Debug|Any CPU.Build.0 = Debug|Any CPU
		{6D044CE7-DEEA-4E44-9C19-9011F508D9A4}.Release|Any CPU.ActiveCfg = Release|Any CPU
		{6D044CE7-DEEA-4E44-9C19-9011F508D9A4}.Release|Any CPU.Build.0 = Release|Any CPU
		{B242601C-BBDF-41C8-B1A6-F9D173B8E2D2}.Debug|Any CPU.ActiveCfg = Debug|Any CPU
		{B242601C-BBDF-41C8-B1A6-F9D173B8E2D2}.Debug|Any CPU.Build.0 = Debug|Any CPU
		{B242601C-BBDF-41C8-B1A6-F9D173B8E2D2}.Release|Any CPU.ActiveCfg = Release|Any CPU
		{B242601C-BBDF-41C8-B1A6-F9D173B8E2D2}.Release|Any CPU.Build.0 = Release|Any CPU
		{F34F2F2C-C917-4842-88F7-78B19573F1F7}.Debug|Any CPU.ActiveCfg = Debug|Any CPU
		{F34F2F2C-C917-4842-88F7-78B19573F1F7}.Debug|Any CPU.Build.0 = Debug|Any CPU
		{F34F2F2C-C917-4842-88F7-78B19573F1F7}.Release|Any CPU.ActiveCfg = Release|Any CPU
		{F34F2F2C-C917-4842-88F7-78B19573F1F7}.Release|Any CPU.Build.0 = Release|Any CPU
		{CD411E6E-CB00-43B5-A9B7-7D82E719989B}.Debug|Any CPU.ActiveCfg = Debug|Any CPU
		{CD411E6E-CB00-43B5-A9B7-7D82E719989B}.Debug|Any CPU.Build.0 = Debug|Any CPU
		{CD411E6E-CB00-43B5-A9B7-7D82E719989B}.Release|Any CPU.ActiveCfg = Release|Any CPU
		{CD411E6E-CB00-43B5-A9B7-7D82E719989B}.Release|Any CPU.Build.0 = Release|Any CPU
		{E32C064C-427F-4AE0-81CC-4ECDFC47468F}.Debug|Any CPU.ActiveCfg = Debug|Any CPU
		{E32C064C-427F-4AE0-81CC-4ECDFC47468F}.Debug|Any CPU.Build.0 = Debug|Any CPU
		{E32C064C-427F-4AE0-81CC-4ECDFC47468F}.Release|Any CPU.ActiveCfg = Release|Any CPU
		{E32C064C-427F-4AE0-81CC-4ECDFC47468F}.Release|Any CPU.Build.0 = Release|Any CPU
		{916F87D9-4280-435D-B138-C5DB2B95AC20}.Debug|Any CPU.ActiveCfg = Debug|Any CPU
		{916F87D9-4280-435D-B138-C5DB2B95AC20}.Debug|Any CPU.Build.0 = Debug|Any CPU
		{916F87D9-4280-435D-B138-C5DB2B95AC20}.Release|Any CPU.ActiveCfg = Release|Any CPU
		{916F87D9-4280-435D-B138-C5DB2B95AC20}.Release|Any CPU.Build.0 = Release|Any CPU
		{CC554B27-11CB-4AB7-9BFA-B0A4D1E7F82B}.Debug|Any CPU.ActiveCfg = Debug|Any CPU
		{CC554B27-11CB-4AB7-9BFA-B0A4D1E7F82B}.Debug|Any CPU.Build.0 = Debug|Any CPU
		{CC554B27-11CB-4AB7-9BFA-B0A4D1E7F82B}.Release|Any CPU.ActiveCfg = Release|Any CPU
		{CC554B27-11CB-4AB7-9BFA-B0A4D1E7F82B}.Release|Any CPU.Build.0 = Release|Any CPU
		{3807ED1E-4546-427A-99F3-A9DE3A5EA7E4}.Debug|Any CPU.ActiveCfg = Debug|Any CPU
		{3807ED1E-4546-427A-99F3-A9DE3A5EA7E4}.Debug|Any CPU.Build.0 = Debug|Any CPU
		{3807ED1E-4546-427A-99F3-A9DE3A5EA7E4}.Release|Any CPU.ActiveCfg = Release|Any CPU
		{3807ED1E-4546-427A-99F3-A9DE3A5EA7E4}.Release|Any CPU.Build.0 = Release|Any CPU
		{36AC1602-563A-46AF-80F1-00DF41C8FAAE}.Debug|Any CPU.ActiveCfg = Debug|Any CPU
		{36AC1602-563A-46AF-80F1-00DF41C8FAAE}.Debug|Any CPU.Build.0 = Debug|Any CPU
		{36AC1602-563A-46AF-80F1-00DF41C8FAAE}.Release|Any CPU.ActiveCfg = Release|Any CPU
		{36AC1602-563A-46AF-80F1-00DF41C8FAAE}.Release|Any CPU.Build.0 = Release|Any CPU
		{9D249813-3BE8-4052-B2D3-A689435883AF}.Debug|Any CPU.ActiveCfg = Debug|Any CPU
		{9D249813-3BE8-4052-B2D3-A689435883AF}.Debug|Any CPU.Build.0 = Debug|Any CPU
		{9D249813-3BE8-4052-B2D3-A689435883AF}.Release|Any CPU.ActiveCfg = Release|Any CPU
		{9D249813-3BE8-4052-B2D3-A689435883AF}.Release|Any CPU.Build.0 = Release|Any CPU
		{086944DF-ABD9-422E-9D85-26D93EF5239C}.Debug|Any CPU.ActiveCfg = Debug|Any CPU
		{086944DF-ABD9-422E-9D85-26D93EF5239C}.Debug|Any CPU.Build.0 = Debug|Any CPU
		{086944DF-ABD9-422E-9D85-26D93EF5239C}.Release|Any CPU.ActiveCfg = Release|Any CPU
		{086944DF-ABD9-422E-9D85-26D93EF5239C}.Release|Any CPU.Build.0 = Release|Any CPU
	EndGlobalSection
	GlobalSection(SolutionProperties) = preSolution
		HideSolutionNode = FALSE
	EndGlobalSection
	GlobalSection(NestedProjects) = preSolution
		{28CC3AF7-55BA-4DAD-81F1-1650AA2F83D6} = {3DDC9B86-A21C-4349-A23E-0B57AF0561E0}
		{10057890-EAFF-4F6B-8573-72D2DDD27126} = {3DDC9B86-A21C-4349-A23E-0B57AF0561E0}
		{B4245B18-C216-4229-9867-95A8DBEED2DE} = {3DDC9B86-A21C-4349-A23E-0B57AF0561E0}
		{08CDC03D-ABDE-40CD-AF81-7159B2F6F7E2} = {3DDC9B86-A21C-4349-A23E-0B57AF0561E0}
		{8D4B3FF5-6021-4573-8C88-BE6B961C0B7C} = {3DDC9B86-A21C-4349-A23E-0B57AF0561E0}
		{83403E3E-6CB8-4C90-A532-15449DACC160} = {CE6D5A3A-DAC6-4EB1-80AE-D00B04A57305}
		{A5FC55D7-55AE-4199-B658-416ADD57BFD0} = {CE6D5A3A-DAC6-4EB1-80AE-D00B04A57305}
		{7D746D57-311A-406D-921D-E17F41FF08D6} = {CE6D5A3A-DAC6-4EB1-80AE-D00B04A57305}
		{6D044CE7-DEEA-4E44-9C19-9011F508D9A4} = {CE6D5A3A-DAC6-4EB1-80AE-D00B04A57305}
		{B242601C-BBDF-41C8-B1A6-F9D173B8E2D2} = {CE6D5A3A-DAC6-4EB1-80AE-D00B04A57305}
		{F34F2F2C-C917-4842-88F7-78B19573F1F7} = {555910E1-9779-4264-9E8E-7BFBA5DFFF96}
		{CD411E6E-CB00-43B5-A9B7-7D82E719989B} = {555910E1-9779-4264-9E8E-7BFBA5DFFF96}
		{E32C064C-427F-4AE0-81CC-4ECDFC47468F} = {555910E1-9779-4264-9E8E-7BFBA5DFFF96}
		{916F87D9-4280-435D-B138-C5DB2B95AC20} = {555910E1-9779-4264-9E8E-7BFBA5DFFF96}
		{CC554B27-11CB-4AB7-9BFA-B0A4D1E7F82B} = {87897FAF-BB22-48FD-B659-B002F93CCC72}
		{3807ED1E-4546-427A-99F3-A9DE3A5EA7E4} = {87897FAF-BB22-48FD-B659-B002F93CCC72}
		{36AC1602-563A-46AF-80F1-00DF41C8FAAE} = {87897FAF-BB22-48FD-B659-B002F93CCC72}
		{9D249813-3BE8-4052-B2D3-A689435883AF} = {87897FAF-BB22-48FD-B659-B002F93CCC72}
		{086944DF-ABD9-422E-9D85-26D93EF5239C} = {22D277C4-0621-4489-8526-AF75C26149EF}
	EndGlobalSection
	GlobalSection(ExtensibilityGlobals) = postSolution
		SolutionGuid = {22DDE15E-11B2-4FDC-B567-F416B84FAD0C}
	EndGlobalSection
EndGlobal
